{
  "name": "secret-updater",
  "version": "1.0.0",
  "lockfileVersion": 1,
  "requires": true,
  "dependencies": {
    "@actions/core": {
      "version": "1.0.0",
      "resolved": "https://registry.npmjs.org/@actions/core/-/core-1.0.0.tgz",
      "integrity": "sha512-aMIlkx96XH4E/2YZtEOeyrYQfhlas9jIRkfGPqMwXD095Rdkzo4lB6ZmbxPQSzD+e1M+Xsm98ZhuSMYGv/AlqA=="
    },
    "blakejs": {
      "version": "1.1.0",
      "resolved": "https://registry.npmjs.org/blakejs/-/blakejs-1.1.0.tgz",
      "integrity": "sha1-ad+S75U6qIylGjLfarHFShVfx6U="
    },
    "tweetnacl": {
      "version": "1.0.3",
      "resolved": "https://registry.npmjs.org/tweetnacl/-/tweetnacl-1.0.3.tgz",
      "integrity": "sha512-6rt+RN7aOi1nGMyC4Xa5DdYiukl2UWCbcJft7YhxReBGQD7OAM8Pbxw6YMo4r2diNEA8FEmu32YOn9rhaiE5yw=="
    },
    "tweetsodium": {
      "version": "0.0.5",
      "resolved": "https://registry.npmjs.org/tweetsodium/-/tweetsodium-0.0.5.tgz",
      "integrity": "sha512-T3aXZtx7KqQbutTtBfn+P5By3HdBuB1eCoGviIrRJV2sXeToxv2X2cv5RvYqgG26PSnN5m3fYixds22Gkfd11w==",
      "requires": {
        "blakejs": "^1.1.0",
        "tweetnacl": "^1.0.1"
      }
    }
  }
}
